// !$*UTF8*$!
{
	archiveVersion = 1;
	classes = {
	};
	objectVersion = 46;
	objects = {

/* Begin PBXBuildFile section */
		1E07CBEE1748F31100C5F83A /* dailyCellTopBar2.png in Resources */ = {isa = PBXBuildFile; fileRef = 1E07CBEA1748F31100C5F83A /* dailyCellTopBar2.png */; };
		1E07CBEF1748F31100C5F83A /* dailyCellTopBar2@2x.png in Resources */ = {isa = PBXBuildFile; fileRef = 1E07CBEB1748F31100C5F83A /* dailyCellTopBar2@2x.png */; };
		1E07CBF01748F31100C5F83A /* bg1.png in Resources */ = {isa = PBXBuildFile; fileRef = 1E07CBEC1748F31100C5F83A /* bg1.png */; };
		1E07CBF11748F31100C5F83A /* bg1@2x.png in Resources */ = {isa = PBXBuildFile; fileRef = 1E07CBED1748F31100C5F83A /* bg1@2x.png */; };
		1E0AE9D117CD928A0043170F /* cb_box_off.png in Resources */ = {isa = PBXBuildFile; fileRef = 1E0AE9B817CD928A0043170F /* cb_box_off.png */; };
		1E0AE9D217CD928A0043170F /* cb_box_off@2x.png in Resources */ = {isa = PBXBuildFile; fileRef = 1E0AE9B917CD928A0043170F /* cb_box_off@2x.png */; };
		1E0AE9D317CD928A0043170F /* cb_box_on.png in Resources */ = {isa = PBXBuildFile; fileRef = 1E0AE9BA17CD928A0043170F /* cb_box_on.png */; };
		1E0AE9D417CD928A0043170F /* cb_box_on@2x.png in Resources */ = {isa = PBXBuildFile; fileRef = 1E0AE9BB17CD928A0043170F /* cb_box_on@2x.png */; };
		1E0AE9D517CD928A0043170F /* cb_dark_off.png in Resources */ = {isa = PBXBuildFile; fileRef = 1E0AE9BC17CD928A0043170F /* cb_dark_off.png */; };
		1E0AE9D617CD928A0043170F /* cb_dark_off@2x.png in Resources */ = {isa = PBXBuildFile; fileRef = 1E0AE9BD17CD928A0043170F /* cb_dark_off@2x.png */; };
		1E0AE9D717CD928A0043170F /* cb_dark_on.png in Resources */ = {isa = PBXBuildFile; fileRef = 1E0AE9BE17CD928A0043170F /* cb_dark_on.png */; };
		1E0AE9D817CD928A0043170F /* cb_dark_on@2x.png in Resources */ = {isa = PBXBuildFile; fileRef = 1E0AE9BF17CD928A0043170F /* cb_dark_on@2x.png */; };
		1E0AE9D917CD928A0043170F /* cb_glossy_off.png in Resources */ = {isa = PBXBuildFile; fileRef = 1E0AE9C017CD928A0043170F /* cb_glossy_off.png */; };
		1E0AE9DA17CD928A0043170F /* cb_glossy_off@2x.png in Resources */ = {isa = PBXBuildFile; fileRef = 1E0AE9C117CD928A0043170F /* cb_glossy_off@2x.png */; };
		1E0AE9DB17CD928A0043170F /* cb_glossy_on.png in Resources */ = {isa = PBXBuildFile; fileRef = 1E0AE9C217CD928A0043170F /* cb_glossy_on.png */; };
		1E0AE9DC17CD928A0043170F /* cb_glossy_on@2x.png in Resources */ = {isa = PBXBuildFile; fileRef = 1E0AE9C317CD928A0043170F /* cb_glossy_on@2x.png */; };
		1E0AE9DD17CD928A0043170F /* cb_green_off.png in Resources */ = {isa = PBXBuildFile; fileRef = 1E0AE9C417CD928A0043170F /* cb_green_off.png */; };
		1E0AE9DE17CD928A0043170F /* cb_green_off@2x.png in Resources */ = {isa = PBXBuildFile; fileRef = 1E0AE9C517CD928A0043170F /* cb_green_off@2x.png */; };
		1E0AE9DF17CD928A0043170F /* cb_green_on.png in Resources */ = {isa = PBXBuildFile; fileRef = 1E0AE9C617CD928A0043170F /* cb_green_on.png */; };
		1E0AE9E017CD928A0043170F /* cb_green_on@2x.png in Resources */ = {isa = PBXBuildFile; fileRef = 1E0AE9C717CD928A0043170F /* cb_green_on@2x.png */; };
		1E0AE9E117CD928A0043170F /* cb_mono_off.png in Resources */ = {isa = PBXBuildFile; fileRef = 1E0AE9C817CD928A0043170F /* cb_mono_off.png */; };
		1E0AE9E217CD928A0043170F /* cb_mono_off@2x.png in Resources */ = {isa = PBXBuildFile; fileRef = 1E0AE9C917CD928A0043170F /* cb_mono_off@2x.png */; };
		1E0AE9E317CD928A0043170F /* cb_mono_on.png in Resources */ = {isa = PBXBuildFile; fileRef = 1E0AE9CA17CD928A0043170F /* cb_mono_on.png */; };
		1E0AE9E417CD928A0043170F /* cb_mono_on@2x.png in Resources */ = {isa = PBXBuildFile; fileRef = 1E0AE9CB17CD928A0043170F /* cb_mono_on@2x.png */; };
		1E0AE9E517CD928A0043170F /* UIHelpers.m in Sources */ = {isa = PBXBuildFile; fileRef = 1E0AE9CE17CD928A0043170F /* UIHelpers.m */; };
		1E0AE9E617CD928A0043170F /* SSCheckBoxView.m in Sources */ = {isa = PBXBuildFile; fileRef = 1E0AE9D017CD928A0043170F /* SSCheckBoxView.m */; };
		1E27986A1746B90F00DD4AAF /* UIKit.framework in Frameworks */ = {isa = PBXBuildFile; fileRef = 1E2798691746B90F00DD4AAF /* UIKit.framework */; };
		1E27986C1746B90F00DD4AAF /* Foundation.framework in Frameworks */ = {isa = PBXBuildFile; fileRef = 1E27986B1746B90F00DD4AAF /* Foundation.framework */; };
		1E27986E1746B90F00DD4AAF /* CoreGraphics.framework in Frameworks */ = {isa = PBXBuildFile; fileRef = 1E27986D1746B90F00DD4AAF /* CoreGraphics.framework */; };
		1E2798741746B90F00DD4AAF /* InfoPlist.strings in Resources */ = {isa = PBXBuildFile; fileRef = 1E2798721746B90F00DD4AAF /* InfoPlist.strings */; };
		1E2798761746B90F00DD4AAF /* main.m in Sources */ = {isa = PBXBuildFile; fileRef = 1E2798751746B90F00DD4AAF /* main.m */; };
		1E27987A1746B90F00DD4AAF /* AppDelegate.m in Sources */ = {isa = PBXBuildFile; fileRef = 1E2798791746B90F00DD4AAF /* AppDelegate.m */; };
		1E27987C1746B91000DD4AAF /* Default.png in Resources */ = {isa = PBXBuildFile; fileRef = 1E27987B1746B91000DD4AAF /* Default.png */; };
		1E27987E1746B91000DD4AAF /* Default@2x.png in Resources */ = {isa = PBXBuildFile; fileRef = 1E27987D1746B91000DD4AAF /* Default@2x.png */; };
		1E2798801746B91000DD4AAF /* Default-568h@2x.png in Resources */ = {isa = PBXBuildFile; fileRef = 1E27987F1746B91000DD4AAF /* Default-568h@2x.png */; };
		1E27988F1746BA3800DD4AAF /* MainViewController.m in Sources */ = {isa = PBXBuildFile; fileRef = 1E27988D1746BA3800DD4AAF /* MainViewController.m */; };
		1E2798901746BA3800DD4AAF /* MainViewController.xib in Resources */ = {isa = PBXBuildFile; fileRef = 1E27988E1746BA3800DD4AAF /* MainViewController.xib */; };
		1E33C17B178CC8C300F37B62 /* defaultConfig.plist in Resources */ = {isa = PBXBuildFile; fileRef = 1E33C17A178CC8C300F37B62 /* defaultConfig.plist */; };
		1E33C17E178CCC1000F37B62 /* Config.m in Sources */ = {isa = PBXBuildFile; fileRef = 1E33C17D178CCC1000F37B62 /* Config.m */; };
		1E33C182178CE5A100F37B62 /* CategoryListCell.m in Sources */ = {isa = PBXBuildFile; fileRef = 1E33C181178CE5A100F37B62 /* CategoryListCell.m */; };
		1E33C184178CE5B200F37B62 /* CategoryListCell.xib in Resources */ = {isa = PBXBuildFile; fileRef = 1E33C183178CE5B200F37B62 /* CategoryListCell.xib */; };
		1E38169B1795D10100D39CB9 /* TPKeyboardAvoidingScrollView.m in Sources */ = {isa = PBXBuildFile; fileRef = 1E3816981795D10100D39CB9 /* TPKeyboardAvoidingScrollView.m */; };
		1E38169C1795D10100D39CB9 /* TPKeyboardAvoidingTableView.m in Sources */ = {isa = PBXBuildFile; fileRef = 1E38169A1795D10100D39CB9 /* TPKeyboardAvoidingTableView.m */; };
		1E3BAB6317A85BD4001FF44F /* ItemFilter.m in Sources */ = {isa = PBXBuildFile; fileRef = 1E3BAB6217A85BD4001FF44F /* ItemFilter.m */; };
		1E4661EF1880442600E73C0A /* CoreData.framework in Frameworks */ = {isa = PBXBuildFile; fileRef = 1E4661EE1880442600E73C0A /* CoreData.framework */; };
		1E4661F3188044F700E73C0A /* CoreDataModel.xcdatamodeld in Sources */ = {isa = PBXBuildFile; fileRef = 1E4661F1188044F700E73C0A /* CoreDataModel.xcdatamodeld */; };
		1E4661F918806CB000E73C0A /* ItemModel.m in Sources */ = {isa = PBXBuildFile; fileRef = 1E4661F818806CB000E73C0A /* ItemModel.m */; };
		1E6098251783B74300491251 /* ItemManager.m in Sources */ = {isa = PBXBuildFile; fileRef = 1E6098241783B74300491251 /* ItemManager.m */; };
		1E6098291783C9AA00491251 /* ItemFormViewController.m in Sources */ = {isa = PBXBuildFile; fileRef = 1E6098271783C9AA00491251 /* ItemFormViewController.m */; };
		1E60982A1783C9AA00491251 /* ItemFormViewController.xib in Resources */ = {isa = PBXBuildFile; fileRef = 1E6098281783C9AA00491251 /* ItemFormViewController.xib */; };
		1E682F8417C3203100FBCCB2 /* MonthViewController.m in Sources */ = {isa = PBXBuildFile; fileRef = 1E682F8317C3203100FBCCB2 /* MonthViewController.m */; };
		1E682F8617C3204200FBCCB2 /* MonthViewController.xib in Resources */ = {isa = PBXBuildFile; fileRef = 1E682F8517C3204200FBCCB2 /* MonthViewController.xib */; };
		1E735BB0178BB9D300D2527C /* itemList.plist in Resources */ = {isa = PBXBuildFile; fileRef = 1E735BAF178BB9D300D2527C /* itemList.plist */; };
		1EA686E317A6F30C002D437C /* Utility.m in Sources */ = {isa = PBXBuildFile; fileRef = 1EA686E217A6F30C002D437C /* Utility.m */; };
		1ECEE05F1796354200647B7C /* dailyCellTopBarLand.png in Resources */ = {isa = PBXBuildFile; fileRef = 1ECEE05D1796354200647B7C /* dailyCellTopBarLand.png */; };
		1ECEE0601796354200647B7C /* dailyCellTopBarLand@2x.png in Resources */ = {isa = PBXBuildFile; fileRef = 1ECEE05E1796354200647B7C /* dailyCellTopBarLand@2x.png */; };
		1ECEE063179635A700647B7C /* ItemHeaderCell.m in Sources */ = {isa = PBXBuildFile; fileRef = 1ECEE062179635A700647B7C /* ItemHeaderCell.m */; };
		1EDEEFBE1748694300A03BE2 /* ItemCell.m in Sources */ = {isa = PBXBuildFile; fileRef = 1EDEEFBD1748694300A03BE2 /* ItemCell.m */; };
		1EDEEFC01748699400A03BE2 /* ItemCell.xib in Resources */ = {isa = PBXBuildFile; fileRef = 1EDEEFBF1748699400A03BE2 /* ItemCell.xib */; };
		1EDEEFC91748704A00A03BE2 /* dailyBar.png in Resources */ = {isa = PBXBuildFile; fileRef = 1EDEEFC11748704A00A03BE2 /* dailyBar.png */; };
		1EDEEFCA1748704A00A03BE2 /* dailyBar@2x.png in Resources */ = {isa = PBXBuildFile; fileRef = 1EDEEFC21748704A00A03BE2 /* dailyBar@2x.png */; };
		1EDEEFCB1748704A00A03BE2 /* plus.png in Resources */ = {isa = PBXBuildFile; fileRef = 1EDEEFC31748704A00A03BE2 /* plus.png */; };
		1EDEEFCC1748704A00A03BE2 /* plus@2x.png in Resources */ = {isa = PBXBuildFile; fileRef = 1EDEEFC41748704A00A03BE2 /* plus@2x.png */; };
		1EDEEFCD1748704A00A03BE2 /* plus2.png in Resources */ = {isa = PBXBuildFile; fileRef = 1EDEEFC51748704A00A03BE2 /* plus2.png */; };
		1EDEEFCE1748704A00A03BE2 /* plus2@2x.png in Resources */ = {isa = PBXBuildFile; fileRef = 1EDEEFC61748704A00A03BE2 /* plus2@2x.png */; };
		1EDEEFCF1748704A00A03BE2 /* settings.png in Resources */ = {isa = PBXBuildFile; fileRef = 1EDEEFC71748704A00A03BE2 /* settings.png */; };
		1EDEEFD01748704A00A03BE2 /* settings@2x.png in Resources */ = {isa = PBXBuildFile; fileRef = 1EDEEFC81748704A00A03BE2 /* settings@2x.png */; };
		1EDEEFF21748705400A03BE2 /* icon_airplane.png in Resources */ = {isa = PBXBuildFile; fileRef = 1EDEEFD21748705300A03BE2 /* icon_airplane.png */; };
		1EDEEFF31748705400A03BE2 /* icon_airplane@2x.png in Resources */ = {isa = PBXBuildFile; fileRef = 1EDEEFD31748705300A03BE2 /* icon_airplane@2x.png */; };
		1EDEEFF41748705400A03BE2 /* icon_book.png in Resources */ = {isa = PBXBuildFile; fileRef = 1EDEEFD41748705300A03BE2 /* icon_book.png */; };
		1EDEEFF51748705400A03BE2 /* icon_book@2x.png in Resources */ = {isa = PBXBuildFile; fileRef = 1EDEEFD51748705300A03BE2 /* icon_book@2x.png */; };
		1EDEEFF61748705400A03BE2 /* icon_bus.png in Resources */ = {isa = PBXBuildFile; fileRef = 1EDEEFD61748705300A03BE2 /* icon_bus.png */; };
		1EDEEFF71748705400A03BE2 /* icon_bus@2x.png in Resources */ = {isa = PBXBuildFile; fileRef = 1EDEEFD71748705300A03BE2 /* icon_bus@2x.png */; };
		1EDEEFF81748705400A03BE2 /* icon_cart.png in Resources */ = {isa = PBXBuildFile; fileRef = 1EDEEFD81748705300A03BE2 /* icon_cart.png */; };
		1EDEEFF91748705400A03BE2 /* icon_cart@2x.png in Resources */ = {isa = PBXBuildFile; fileRef = 1EDEEFD91748705300A03BE2 /* icon_cart@2x.png */; };
		1EDEEFFA1748705400A03BE2 /* icon_cocktail.png in Resources */ = {isa = PBXBuildFile; fileRef = 1EDEEFDA1748705300A03BE2 /* icon_cocktail.png */; };
		1EDEEFFB1748705400A03BE2 /* icon_cocktail@2x.png in Resources */ = {isa = PBXBuildFile; fileRef = 1EDEEFDB1748705300A03BE2 /* icon_cocktail@2x.png */; };
		1EDEEFFC1748705400A03BE2 /* icon_film.png in Resources */ = {isa = PBXBuildFile; fileRef = 1EDEEFDC1748705300A03BE2 /* icon_film.png */; };
		1EDEEFFD1748705400A03BE2 /* icon_film@2x.png in Resources */ = {isa = PBXBuildFile; fileRef = 1EDEEFDD1748705300A03BE2 /* icon_film@2x.png */; };
		1EDEEFFE1748705400A03BE2 /* icon_gift.png in Resources */ = {isa = PBXBuildFile; fileRef = 1EDEEFDE1748705300A03BE2 /* icon_gift.png */; };
		1EDEEFFF1748705400A03BE2 /* icon_gift@2x.png in Resources */ = {isa = PBXBuildFile; fileRef = 1EDEEFDF1748705300A03BE2 /* icon_gift@2x.png */; };
		1EDEF0001748705400A03BE2 /* icon_house.png in Resources */ = {isa = PBXBuildFile; fileRef = 1EDEEFE01748705300A03BE2 /* icon_house.png */; };
		1EDEF0011748705400A03BE2 /* icon_house@2x.png in Resources */ = {isa = PBXBuildFile; fileRef = 1EDEEFE11748705300A03BE2 /* icon_house@2x.png */; };
		1EDEF0021748705400A03BE2 /* icon_label.png in Resources */ = {isa = PBXBuildFile; fileRef = 1EDEEFE21748705300A03BE2 /* icon_label.png */; };
		1EDEF0031748705400A03BE2 /* icon_label@2x.png in Resources */ = {isa = PBXBuildFile; fileRef = 1EDEEFE31748705300A03BE2 /* icon_label@2x.png */; };
		1EDEF0041748705400A03BE2 /* icon_medical.png in Resources */ = {isa = PBXBuildFile; fileRef = 1EDEEFE41748705300A03BE2 /* icon_medical.png */; };
		1EDEF0051748705400A03BE2 /* icon_medical@2x.png in Resources */ = {isa = PBXBuildFile; fileRef = 1EDEEFE51748705300A03BE2 /* icon_medical@2x.png */; };
		1EDEF0061748705400A03BE2 /* icon_mobile.png in Resources */ = {isa = PBXBuildFile; fileRef = 1EDEEFE61748705300A03BE2 /* icon_mobile.png */; };
		1EDEF0071748705400A03BE2 /* icon_mobile@2x.png in Resources */ = {isa = PBXBuildFile; fileRef = 1EDEEFE71748705400A03BE2 /* icon_mobile@2x.png */; };
		1EDEF0081748705400A03BE2 /* icon_pc.png in Resources */ = {isa = PBXBuildFile; fileRef = 1EDEEFE81748705400A03BE2 /* icon_pc.png */; };
		1EDEF0091748705400A03BE2 /* icon_pc@2x.png in Resources */ = {isa = PBXBuildFile; fileRef = 1EDEEFE91748705400A03BE2 /* icon_pc@2x.png */; };
		1EDEF00A1748705400A03BE2 /* icon_personal.png in Resources */ = {isa = PBXBuildFile; fileRef = 1EDEEFEA1748705400A03BE2 /* icon_personal.png */; };
		1EDEF00B1748705400A03BE2 /* icon_personal@2x.png in Resources */ = {isa = PBXBuildFile; fileRef = 1EDEEFEB1748705400A03BE2 /* icon_personal@2x.png */; };
		1EDEF00C1748705400A03BE2 /* icon_theater.png in Resources */ = {isa = PBXBuildFile; fileRef = 1EDEEFEC1748705400A03BE2 /* icon_theater.png */; };
		1EDEF00D1748705400A03BE2 /* icon_theater@2x.png in Resources */ = {isa = PBXBuildFile; fileRef = 1EDEEFED1748705400A03BE2 /* icon_theater@2x.png */; };
		1EDEF00E1748705400A03BE2 /* icon_ticket.png in Resources */ = {isa = PBXBuildFile; fileRef = 1EDEEFEE1748705400A03BE2 /* icon_ticket.png */; };
		1EDEF00F1748705400A03BE2 /* icon_ticket@2x.png in Resources */ = {isa = PBXBuildFile; fileRef = 1EDEEFEF1748705400A03BE2 /* icon_ticket@2x.png */; };
		1EDEF0101748705400A03BE2 /* icon_transfer.png in Resources */ = {isa = PBXBuildFile; fileRef = 1EDEEFF01748705400A03BE2 /* icon_transfer.png */; };
		1EDEF0111748705400A03BE2 /* icon_transfer@2x.png in Resources */ = {isa = PBXBuildFile; fileRef = 1EDEEFF11748705400A03BE2 /* icon_transfer@2x.png */; };
		1EDEF0131748795F00A03BE2 /* ItemHeaderCell.xib in Resources */ = {isa = PBXBuildFile; fileRef = 1EDEF0121748795F00A03BE2 /* ItemHeaderCell.xib */; };
		1EDEF01617487EE700A03BE2 /* blueTopBar.png in Resources */ = {isa = PBXBuildFile; fileRef = 1EDEF01417487EE700A03BE2 /* blueTopBar.png */; };
		1EDEF01717487EE700A03BE2 /* blueTopBar@2x.png in Resources */ = {isa = PBXBuildFile; fileRef = 1EDEF01517487EE700A03BE2 /* blueTopBar@2x.png */; };
		1EDEF01E1748824400A03BE2 /* dailyCellBg.png in Resources */ = {isa = PBXBuildFile; fileRef = 1EDEF01C1748824400A03BE2 /* dailyCellBg.png */; };
		1EDEF01F1748824400A03BE2 /* dailyCellBg@2x.png in Resources */ = {isa = PBXBuildFile; fileRef = 1EDEF01D1748824400A03BE2 /* dailyCellBg@2x.png */; };
		1EDEF0221748856E00A03BE2 /* dailyCellTopBar.png in Resources */ = {isa = PBXBuildFile; fileRef = 1EDEF0201748856E00A03BE2 /* dailyCellTopBar.png */; };
		1EDEF0231748856E00A03BE2 /* dailyCellTopBar@2x.png in Resources */ = {isa = PBXBuildFile; fileRef = 1EDEF0211748856E00A03BE2 /* dailyCellTopBar@2x.png */; };
		1EEAC8FC178F9B62000DD075 /* QuartzCore.framework in Frameworks */ = {isa = PBXBuildFile; fileRef = 1EEAC8FB178F9B62000DD075 /* QuartzCore.framework */; };
		1EEAC900178F9E29000DD075 /* PopoverView.m in Sources */ = {isa = PBXBuildFile; fileRef = 1EEAC8FF178F9E29000DD075 /* PopoverView.m */; };
		1EEAC904178FA51B000DD075 /* PopoverItem.m in Sources */ = {isa = PBXBuildFile; fileRef = 1EEAC903178FA51B000DD075 /* PopoverItem.m */; };
		1EEAC906178FA526000DD075 /* PopoverItem.xib in Resources */ = {isa = PBXBuildFile; fileRef = 1EEAC905178FA526000DD075 /* PopoverItem.xib */; };
/* End PBXBuildFile section */

/* Begin PBXFileReference section */
		1E07CBEA1748F31100C5F83A /* dailyCellTopBar2.png */ = {isa = PBXFileReference; lastKnownFileType = image.png; path = dailyCellTopBar2.png; sourceTree = "<group>"; };
		1E07CBEB1748F31100C5F83A /* dailyCellTopBar2@2x.png */ = {isa = PBXFileReference; lastKnownFileType = image.png; path = "dailyCellTopBar2@2x.png"; sourceTree = "<group>"; };
		1E07CBEC1748F31100C5F83A /* bg1.png */ = {isa = PBXFileReference; lastKnownFileType = image.png; path = bg1.png; sourceTree = "<group>"; };
		1E07CBED1748F31100C5F83A /* bg1@2x.png */ = {isa = PBXFileReference; lastKnownFileType = image.png; path = "bg1@2x.png"; sourceTree = "<group>"; };
		1E0AE9B817CD928A0043170F /* cb_box_off.png */ = {isa = PBXFileReference; lastKnownFileType = image.png; path = cb_box_off.png; sourceTree = "<group>"; };
		1E0AE9B917CD928A0043170F /* cb_box_off@2x.png */ = {isa = PBXFileReference; lastKnownFileType = image.png; path = "cb_box_off@2x.png"; sourceTree = "<group>"; };
		1E0AE9BA17CD928A0043170F /* cb_box_on.png */ = {isa = PBXFileReference; lastKnownFileType = image.png; path = cb_box_on.png; sourceTree = "<group>"; };
		1E0AE9BB17CD928A0043170F /* cb_box_on@2x.png */ = {isa = PBXFileReference; lastKnownFileType = image.png; path = "cb_box_on@2x.png"; sourceTree = "<group>"; };
		1E0AE9BC17CD928A0043170F /* cb_dark_off.png */ = {isa = PBXFileReference; lastKnownFileType = image.png; path = cb_dark_off.png; sourceTree = "<group>"; };
		1E0AE9BD17CD928A0043170F /* cb_dark_off@2x.png */ = {isa = PBXFileReference; lastKnownFileType = image.png; path = "cb_dark_off@2x.png"; sourceTree = "<group>"; };
		1E0AE9BE17CD928A0043170F /* cb_dark_on.png */ = {isa = PBXFileReference; lastKnownFileType = image.png; path = cb_dark_on.png; sourceTree = "<group>"; };
		1E0AE9BF17CD928A0043170F /* cb_dark_on@2x.png */ = {isa = PBXFileReference; lastKnownFileType = image.png; path = "cb_dark_on@2x.png"; sourceTree = "<group>"; };
		1E0AE9C017CD928A0043170F /* cb_glossy_off.png */ = {isa = PBXFileReference; lastKnownFileType = image.png; path = cb_glossy_off.png; sourceTree = "<group>"; };
		1E0AE9C117CD928A0043170F /* cb_glossy_off@2x.png */ = {isa = PBXFileReference; lastKnownFileType = image.png; path = "cb_glossy_off@2x.png"; sourceTree = "<group>"; };
		1E0AE9C217CD928A0043170F /* cb_glossy_on.png */ = {isa = PBXFileReference; lastKnownFileType = image.png; path = cb_glossy_on.png; sourceTree = "<group>"; };
		1E0AE9C317CD928A0043170F /* cb_glossy_on@2x.png */ = {isa = PBXFileReference; lastKnownFileType = image.png; path = "cb_glossy_on@2x.png"; sourceTree = "<group>"; };
		1E0AE9C417CD928A0043170F /* cb_green_off.png */ = {isa = PBXFileReference; lastKnownFileType = image.png; path = cb_green_off.png; sourceTree = "<group>"; };
		1E0AE9C517CD928A0043170F /* cb_green_off@2x.png */ = {isa = PBXFileReference; lastKnownFileType = image.png; path = "cb_green_off@2x.png"; sourceTree = "<group>"; };
		1E0AE9C617CD928A0043170F /* cb_green_on.png */ = {isa = PBXFileReference; lastKnownFileType = image.png; path = cb_green_on.png; sourceTree = "<group>"; };
		1E0AE9C717CD928A0043170F /* cb_green_on@2x.png */ = {isa = PBXFileReference; lastKnownFileType = image.png; path = "cb_green_on@2x.png"; sourceTree = "<group>"; };
		1E0AE9C817CD928A0043170F /* cb_mono_off.png */ = {isa = PBXFileReference; lastKnownFileType = image.png; path = cb_mono_off.png; sourceTree = "<group>"; };
		1E0AE9C917CD928A0043170F /* cb_mono_off@2x.png */ = {isa = PBXFileReference; lastKnownFileType = image.png; path = "cb_mono_off@2x.png"; sourceTree = "<group>"; };
		1E0AE9CA17CD928A0043170F /* cb_mono_on.png */ = {isa = PBXFileReference; lastKnownFileType = image.png; path = cb_mono_on.png; sourceTree = "<group>"; };
		1E0AE9CB17CD928A0043170F /* cb_mono_on@2x.png */ = {isa = PBXFileReference; lastKnownFileType = image.png; path = "cb_mono_on@2x.png"; sourceTree = "<group>"; };
		1E0AE9CD17CD928A0043170F /* UIHelpers.h */ = {isa = PBXFileReference; fileEncoding = 4; lastKnownFileType = sourcecode.c.h; path = UIHelpers.h; sourceTree = "<group>"; };
		1E0AE9CE17CD928A0043170F /* UIHelpers.m */ = {isa = PBXFileReference; fileEncoding = 4; lastKnownFileType = sourcecode.c.objc; path = UIHelpers.m; sourceTree = "<group>"; };
		1E0AE9CF17CD928A0043170F /* SSCheckBoxView.h */ = {isa = PBXFileReference; fileEncoding = 4; lastKnownFileType = sourcecode.c.h; path = SSCheckBoxView.h; sourceTree = "<group>"; };
		1E0AE9D017CD928A0043170F /* SSCheckBoxView.m */ = {isa = PBXFileReference; fileEncoding = 4; lastKnownFileType = sourcecode.c.objc; path = SSCheckBoxView.m; sourceTree = "<group>"; };
		1E2798661746B90F00DD4AAF /* daily Expenses.app */ = {isa = PBXFileReference; explicitFileType = wrapper.application; includeInIndex = 0; path = "daily Expenses.app"; sourceTree = BUILT_PRODUCTS_DIR; };
		1E2798691746B90F00DD4AAF /* UIKit.framework */ = {isa = PBXFileReference; lastKnownFileType = wrapper.framework; name = UIKit.framework; path = System/Library/Frameworks/UIKit.framework; sourceTree = SDKROOT; };
		1E27986B1746B90F00DD4AAF /* Foundation.framework */ = {isa = PBXFileReference; lastKnownFileType = wrapper.framework; name = Foundation.framework; path = System/Library/Frameworks/Foundation.framework; sourceTree = SDKROOT; };
		1E27986D1746B90F00DD4AAF /* CoreGraphics.framework */ = {isa = PBXFileReference; lastKnownFileType = wrapper.framework; name = CoreGraphics.framework; path = System/Library/Frameworks/CoreGraphics.framework; sourceTree = SDKROOT; };
		1E2798711746B90F00DD4AAF /* daily Expenses-Info.plist */ = {isa = PBXFileReference; lastKnownFileType = text.plist.xml; path = "daily Expenses-Info.plist"; sourceTree = "<group>"; };
		1E2798731746B90F00DD4AAF /* en */ = {isa = PBXFileReference; lastKnownFileType = text.plist.strings; name = en; path = en.lproj/InfoPlist.strings; sourceTree = "<group>"; };
		1E2798751746B90F00DD4AAF /* main.m */ = {isa = PBXFileReference; lastKnownFileType = sourcecode.c.objc; path = main.m; sourceTree = "<group>"; };
		1E2798771746B90F00DD4AAF /* daily Expenses-Prefix.pch */ = {isa = PBXFileReference; lastKnownFileType = sourcecode.c.h; path = "daily Expenses-Prefix.pch"; sourceTree = "<group>"; };
		1E2798781746B90F00DD4AAF /* AppDelegate.h */ = {isa = PBXFileReference; lastKnownFileType = sourcecode.c.h; path = AppDelegate.h; sourceTree = "<group>"; };
		1E2798791746B90F00DD4AAF /* AppDelegate.m */ = {isa = PBXFileReference; lastKnownFileType = sourcecode.c.objc; path = AppDelegate.m; sourceTree = "<group>"; };
		1E27987B1746B91000DD4AAF /* Default.png */ = {isa = PBXFileReference; lastKnownFileType = image.png; path = Default.png; sourceTree = "<group>"; };
		1E27987D1746B91000DD4AAF /* Default@2x.png */ = {isa = PBXFileReference; lastKnownFileType = image.png; path = "Default@2x.png"; sourceTree = "<group>"; };
		1E27987F1746B91000DD4AAF /* Default-568h@2x.png */ = {isa = PBXFileReference; lastKnownFileType = image.png; path = "Default-568h@2x.png"; sourceTree = "<group>"; };
		1E27988C1746BA3800DD4AAF /* MainViewController.h */ = {isa = PBXFileReference; fileEncoding = 4; lastKnownFileType = sourcecode.c.h; name = MainViewController.h; path = "daily Expenses/MainViewController.h"; sourceTree = "<group>"; };
		1E27988D1746BA3800DD4AAF /* MainViewController.m */ = {isa = PBXFileReference; fileEncoding = 4; lastKnownFileType = sourcecode.c.objc; name = MainViewController.m; path = "daily Expenses/MainViewController.m"; sourceTree = "<group>"; };
		1E27988E1746BA3800DD4AAF /* MainViewController.xib */ = {isa = PBXFileReference; fileEncoding = 4; lastKnownFileType = file.xib; name = MainViewController.xib; path = "daily Expenses/MainViewController.xib"; sourceTree = "<group>"; };
		1E33C17A178CC8C300F37B62 /* defaultConfig.plist */ = {isa = PBXFileReference; fileEncoding = 4; lastKnownFileType = text.plist.xml; path = defaultConfig.plist; sourceTree = "<group>"; };
		1E33C17C178CCC1000F37B62 /* Config.h */ = {isa = PBXFileReference; fileEncoding = 4; lastKnownFileType = sourcecode.c.h; path = Config.h; sourceTree = "<group>"; };
		1E33C17D178CCC1000F37B62 /* Config.m */ = {isa = PBXFileReference; fileEncoding = 4; lastKnownFileType = sourcecode.c.objc; path = Config.m; sourceTree = "<group>"; };
		1E33C180178CE5A100F37B62 /* CategoryListCell.h */ = {isa = PBXFileReference; fileEncoding = 4; lastKnownFileType = sourcecode.c.h; path = CategoryListCell.h; sourceTree = "<group>"; };
		1E33C181178CE5A100F37B62 /* CategoryListCell.m */ = {isa = PBXFileReference; fileEncoding = 4; lastKnownFileType = sourcecode.c.objc; path = CategoryListCell.m; sourceTree = "<group>"; };
		1E33C183178CE5B200F37B62 /* CategoryListCell.xib */ = {isa = PBXFileReference; fileEncoding = 4; lastKnownFileType = file.xib; path = CategoryListCell.xib; sourceTree = "<group>"; };
		1E3816971795D10100D39CB9 /* TPKeyboardAvoidingScrollView.h */ = {isa = PBXFileReference; fileEncoding = 4; lastKnownFileType = sourcecode.c.h; path = TPKeyboardAvoidingScrollView.h; sourceTree = "<group>"; };
		1E3816981795D10100D39CB9 /* TPKeyboardAvoidingScrollView.m */ = {isa = PBXFileReference; fileEncoding = 4; lastKnownFileType = sourcecode.c.objc; path = TPKeyboardAvoidingScrollView.m; sourceTree = "<group>"; };
		1E3816991795D10100D39CB9 /* TPKeyboardAvoidingTableView.h */ = {isa = PBXFileReference; fileEncoding = 4; lastKnownFileType = sourcecode.c.h; path = TPKeyboardAvoidingTableView.h; sourceTree = "<group>"; };
		1E38169A1795D10100D39CB9 /* TPKeyboardAvoidingTableView.m */ = {isa = PBXFileReference; fileEncoding = 4; lastKnownFileType = sourcecode.c.objc; path = TPKeyboardAvoidingTableView.m; sourceTree = "<group>"; };
		1E3BAB6117A85BD4001FF44F /* ItemFilter.h */ = {isa = PBXFileReference; fileEncoding = 4; lastKnownFileType = sourcecode.c.h; path = ItemFilter.h; sourceTree = "<group>"; };
		1E3BAB6217A85BD4001FF44F /* ItemFilter.m */ = {isa = PBXFileReference; fileEncoding = 4; lastKnownFileType = sourcecode.c.objc; path = ItemFilter.m; sourceTree = "<group>"; };
		1E4661EE1880442600E73C0A /* CoreData.framework */ = {isa = PBXFileReference; lastKnownFileType = wrapper.framework; name = CoreData.framework; path = System/Library/Frameworks/CoreData.framework; sourceTree = SDKROOT; };
		1E4661F2188044F700E73C0A /* CoreDataModel.xcdatamodel */ = {isa = PBXFileReference; lastKnownFileType = wrapper.xcdatamodel; path = CoreDataModel.xcdatamodel; sourceTree = "<group>"; };
		1E4661F718806CB000E73C0A /* ItemModel.h */ = {isa = PBXFileReference; fileEncoding = 4; lastKnownFileType = sourcecode.c.h; path = ItemModel.h; sourceTree = "<group>"; };
		1E4661F818806CB000E73C0A /* ItemModel.m */ = {isa = PBXFileReference; fileEncoding = 4; lastKnownFileType = sourcecode.c.objc; path = ItemModel.m; sourceTree = "<group>"; };
		1E6098231783B74300491251 /* ItemManager.h */ = {isa = PBXFileReference; fileEncoding = 4; lastKnownFileType = sourcecode.c.h; path = ItemManager.h; sourceTree = "<group>"; };
		1E6098241783B74300491251 /* ItemManager.m */ = {isa = PBXFileReference; fileEncoding = 4; lastKnownFileType = sourcecode.c.objc; path = ItemManager.m; sourceTree = "<group>"; };
		1E6098261783C9AA00491251 /* ItemFormViewController.h */ = {isa = PBXFileReference; fileEncoding = 4; lastKnownFileType = sourcecode.c.h; path = ItemFormViewController.h; sourceTree = "<group>"; };
		1E6098271783C9AA00491251 /* ItemFormViewController.m */ = {isa = PBXFileReference; fileEncoding = 4; lastKnownFileType = sourcecode.c.objc; path = ItemFormViewController.m; sourceTree = "<group>"; };
		1E6098281783C9AA00491251 /* ItemFormViewController.xib */ = {isa = PBXFileReference; fileEncoding = 4; lastKnownFileType = file.xib; path = ItemFormViewController.xib; sourceTree = "<group>"; };
		1E682F8217C3203100FBCCB2 /* MonthViewController.h */ = {isa = PBXFileReference; fileEncoding = 4; lastKnownFileType = sourcecode.c.h; path = MonthViewController.h; sourceTree = "<group>"; };
		1E682F8317C3203100FBCCB2 /* MonthViewController.m */ = {isa = PBXFileReference; fileEncoding = 4; lastKnownFileType = sourcecode.c.objc; path = MonthViewController.m; sourceTree = "<group>"; };
		1E682F8517C3204200FBCCB2 /* MonthViewController.xib */ = {isa = PBXFileReference; fileEncoding = 4; lastKnownFileType = file.xib; path = MonthViewController.xib; sourceTree = "<group>"; };
		1E735BAF178BB9D300D2527C /* itemList.plist */ = {isa = PBXFileReference; fileEncoding = 4; lastKnownFileType = text.plist.xml; path = itemList.plist; sourceTree = "<group>"; };
		1EA686E117A6F30C002D437C /* Utility.h */ = {isa = PBXFileReference; fileEncoding = 4; lastKnownFileType = sourcecode.c.h; path = Utility.h; sourceTree = "<group>"; };
		1EA686E217A6F30C002D437C /* Utility.m */ = {isa = PBXFileReference; fileEncoding = 4; lastKnownFileType = sourcecode.c.objc; path = Utility.m; sourceTree = "<group>"; };
		1ECEE05D1796354200647B7C /* dailyCellTopBarLand.png */ = {isa = PBXFileReference; lastKnownFileType = image.png; path = dailyCellTopBarLand.png; sourceTree = "<group>"; };
		1ECEE05E1796354200647B7C /* dailyCellTopBarLand@2x.png */ = {isa = PBXFileReference; lastKnownFileType = image.png; path = "dailyCellTopBarLand@2x.png"; sourceTree = "<group>"; };
		1ECEE061179635A700647B7C /* ItemHeaderCell.h */ = {isa = PBXFileReference; fileEncoding = 4; lastKnownFileType = sourcecode.c.h; path = ItemHeaderCell.h; sourceTree = "<group>"; };
		1ECEE062179635A700647B7C /* ItemHeaderCell.m */ = {isa = PBXFileReference; fileEncoding = 4; lastKnownFileType = sourcecode.c.objc; path = ItemHeaderCell.m; sourceTree = "<group>"; };
		1EDEEFBC1748694300A03BE2 /* ItemCell.h */ = {isa = PBXFileReference; fileEncoding = 4; lastKnownFileType = sourcecode.c.h; path = ItemCell.h; sourceTree = "<group>"; };
		1EDEEFBD1748694300A03BE2 /* ItemCell.m */ = {isa = PBXFileReference; fileEncoding = 4; lastKnownFileType = sourcecode.c.objc; path = ItemCell.m; sourceTree = "<group>"; };
		1EDEEFBF1748699400A03BE2 /* ItemCell.xib */ = {isa = PBXFileReference; fileEncoding = 4; lastKnownFileType = file.xib; path = ItemCell.xib; sourceTree = "<group>"; };
		1EDEEFC11748704A00A03BE2 /* dailyBar.png */ = {isa = PBXFileReference; lastKnownFileType = image.png; path = dailyBar.png; sourceTree = "<group>"; };
		1EDEEFC21748704A00A03BE2 /* dailyBar@2x.png */ = {isa = PBXFileReference; lastKnownFileType = image.png; path = "dailyBar@2x.png"; sourceTree = "<group>"; };
		1EDEEFC31748704A00A03BE2 /* plus.png */ = {isa = PBXFileReference; lastKnownFileType = image.png; path = plus.png; sourceTree = "<group>"; };
		1EDEEFC41748704A00A03BE2 /* plus@2x.png */ = {isa = PBXFileReference; lastKnownFileType = image.png; path = "plus@2x.png"; sourceTree = "<group>"; };
		1EDEEFC51748704A00A03BE2 /* plus2.png */ = {isa = PBXFileReference; lastKnownFileType = image.png; path = plus2.png; sourceTree = "<group>"; };
		1EDEEFC61748704A00A03BE2 /* plus2@2x.png */ = {isa = PBXFileReference; lastKnownFileType = image.png; path = "plus2@2x.png"; sourceTree = "<group>"; };
		1EDEEFC71748704A00A03BE2 /* settings.png */ = {isa = PBXFileReference; lastKnownFileType = image.png; path = settings.png; sourceTree = "<group>"; };
		1EDEEFC81748704A00A03BE2 /* settings@2x.png */ = {isa = PBXFileReference; lastKnownFileType = image.png; path = "settings@2x.png"; sourceTree = "<group>"; };
		1EDEEFD21748705300A03BE2 /* icon_airplane.png */ = {isa = PBXFileReference; lastKnownFileType = image.png; path = icon_airplane.png; sourceTree = "<group>"; };
		1EDEEFD31748705300A03BE2 /* icon_airplane@2x.png */ = {isa = PBXFileReference; lastKnownFileType = image.png; path = "icon_airplane@2x.png"; sourceTree = "<group>"; };
		1EDEEFD41748705300A03BE2 /* icon_book.png */ = {isa = PBXFileReference; lastKnownFileType = image.png; path = icon_book.png; sourceTree = "<group>"; };
		1EDEEFD51748705300A03BE2 /* icon_book@2x.png */ = {isa = PBXFileReference; lastKnownFileType = image.png; path = "icon_book@2x.png"; sourceTree = "<group>"; };
		1EDEEFD61748705300A03BE2 /* icon_bus.png */ = {isa = PBXFileReference; lastKnownFileType = image.png; path = icon_bus.png; sourceTree = "<group>"; };
		1EDEEFD71748705300A03BE2 /* icon_bus@2x.png */ = {isa = PBXFileReference; lastKnownFileType = image.png; path = "icon_bus@2x.png"; sourceTree = "<group>"; };
		1EDEEFD81748705300A03BE2 /* icon_cart.png */ = {isa = PBXFileReference; lastKnownFileType = image.png; path = icon_cart.png; sourceTree = "<group>"; };
		1EDEEFD91748705300A03BE2 /* icon_cart@2x.png */ = {isa = PBXFileReference; lastKnownFileType = image.png; path = "icon_cart@2x.png"; sourceTree = "<group>"; };
		1EDEEFDA1748705300A03BE2 /* icon_cocktail.png */ = {isa = PBXFileReference; lastKnownFileType = image.png; path = icon_cocktail.png; sourceTree = "<group>"; };
		1EDEEFDB1748705300A03BE2 /* icon_cocktail@2x.png */ = {isa = PBXFileReference; lastKnownFileType = image.png; path = "icon_cocktail@2x.png"; sourceTree = "<group>"; };
		1EDEEFDC1748705300A03BE2 /* icon_film.png */ = {isa = PBXFileReference; lastKnownFileType = image.png; path = icon_film.png; sourceTree = "<group>"; };
		1EDEEFDD1748705300A03BE2 /* icon_film@2x.png */ = {isa = PBXFileReference; lastKnownFileType = image.png; path = "icon_film@2x.png"; sourceTree = "<group>"; };
		1EDEEFDE1748705300A03BE2 /* icon_gift.png */ = {isa = PBXFileReference; lastKnownFileType = image.png; path = icon_gift.png; sourceTree = "<group>"; };
		1EDEEFDF1748705300A03BE2 /* icon_gift@2x.png */ = {isa = PBXFileReference; lastKnownFileType = image.png; path = "icon_gift@2x.png"; sourceTree = "<group>"; };
		1EDEEFE01748705300A03BE2 /* icon_house.png */ = {isa = PBXFileReference; lastKnownFileType = image.png; path = icon_house.png; sourceTree = "<group>"; };
		1EDEEFE11748705300A03BE2 /* icon_house@2x.png */ = {isa = PBXFileReference; lastKnownFileType = image.png; path = "icon_house@2x.png"; sourceTree = "<group>"; };
		1EDEEFE21748705300A03BE2 /* icon_label.png */ = {isa = PBXFileReference; lastKnownFileType = image.png; path = icon_label.png; sourceTree = "<group>"; };
		1EDEEFE31748705300A03BE2 /* icon_label@2x.png */ = {isa = PBXFileReference; lastKnownFileType = image.png; path = "icon_label@2x.png"; sourceTree = "<group>"; };
		1EDEEFE41748705300A03BE2 /* icon_medical.png */ = {isa = PBXFileReference; lastKnownFileType = image.png; path = icon_medical.png; sourceTree = "<group>"; };
		1EDEEFE51748705300A03BE2 /* icon_medical@2x.png */ = {isa = PBXFileReference; lastKnownFileType = image.png; path = "icon_medical@2x.png"; sourceTree = "<group>"; };
		1EDEEFE61748705300A03BE2 /* icon_mobile.png */ = {isa = PBXFileReference; lastKnownFileType = image.png; path = icon_mobile.png; sourceTree = "<group>"; };
		1EDEEFE71748705400A03BE2 /* icon_mobile@2x.png */ = {isa = PBXFileReference; lastKnownFileType = image.png; path = "icon_mobile@2x.png"; sourceTree = "<group>"; };
		1EDEEFE81748705400A03BE2 /* icon_pc.png */ = {isa = PBXFileReference; lastKnownFileType = image.png; path = icon_pc.png; sourceTree = "<group>"; };
		1EDEEFE91748705400A03BE2 /* icon_pc@2x.png */ = {isa = PBXFileReference; lastKnownFileType = image.png; path = "icon_pc@2x.png"; sourceTree = "<group>"; };
		1EDEEFEA1748705400A03BE2 /* icon_personal.png */ = {isa = PBXFileReference; lastKnownFileType = image.png; path = icon_personal.png; sourceTree = "<group>"; };
		1EDEEFEB1748705400A03BE2 /* icon_personal@2x.png */ = {isa = PBXFileReference; lastKnownFileType = image.png; path = "icon_personal@2x.png"; sourceTree = "<group>"; };
		1EDEEFEC1748705400A03BE2 /* icon_theater.png */ = {isa = PBXFileReference; lastKnownFileType = image.png; path = icon_theater.png; sourceTree = "<group>"; };
		1EDEEFED1748705400A03BE2 /* icon_theater@2x.png */ = {isa = PBXFileReference; lastKnownFileType = image.png; path = "icon_theater@2x.png"; sourceTree = "<group>"; };
		1EDEEFEE1748705400A03BE2 /* icon_ticket.png */ = {isa = PBXFileReference; lastKnownFileType = image.png; path = icon_ticket.png; sourceTree = "<group>"; };
		1EDEEFEF1748705400A03BE2 /* icon_ticket@2x.png */ = {isa = PBXFileReference; lastKnownFileType = image.png; path = "icon_ticket@2x.png"; sourceTree = "<group>"; };
		1EDEEFF01748705400A03BE2 /* icon_transfer.png */ = {isa = PBXFileReference; lastKnownFileType = image.png; path = icon_transfer.png; sourceTree = "<group>"; };
		1EDEEFF11748705400A03BE2 /* icon_transfer@2x.png */ = {isa = PBXFileReference; lastKnownFileType = image.png; path = "icon_transfer@2x.png"; sourceTree = "<group>"; };
		1EDEF0121748795F00A03BE2 /* ItemHeaderCell.xib */ = {isa = PBXFileReference; fileEncoding = 4; lastKnownFileType = file.xib; path = ItemHeaderCell.xib; sourceTree = "<group>"; };
		1EDEF01417487EE700A03BE2 /* blueTopBar.png */ = {isa = PBXFileReference; lastKnownFileType = image.png; path = blueTopBar.png; sourceTree = "<group>"; };
		1EDEF01517487EE700A03BE2 /* blueTopBar@2x.png */ = {isa = PBXFileReference; lastKnownFileType = image.png; path = "blueTopBar@2x.png"; sourceTree = "<group>"; };
		1EDEF01C1748824400A03BE2 /* dailyCellBg.png */ = {isa = PBXFileReference; lastKnownFileType = image.png; path = dailyCellBg.png; sourceTree = "<group>"; };
		1EDEF01D1748824400A03BE2 /* dailyCellBg@2x.png */ = {isa = PBXFileReference; lastKnownFileType = image.png; path = "dailyCellBg@2x.png"; sourceTree = "<group>"; };
		1EDEF0201748856E00A03BE2 /* dailyCellTopBar.png */ = {isa = PBXFileReference; lastKnownFileType = image.png; path = dailyCellTopBar.png; sourceTree = "<group>"; };
		1EDEF0211748856E00A03BE2 /* dailyCellTopBar@2x.png */ = {isa = PBXFileReference; lastKnownFileType = image.png; path = "dailyCellTopBar@2x.png"; sourceTree = "<group>"; };
		1EEAC8FB178F9B62000DD075 /* QuartzCore.framework */ = {isa = PBXFileReference; lastKnownFileType = wrapper.framework; name = QuartzCore.framework; path = System/Library/Frameworks/QuartzCore.framework; sourceTree = SDKROOT; };
		1EEAC8FD178F9E28000DD075 /* PopoverView_Configuration.h */ = {isa = PBXFileReference; fileEncoding = 4; lastKnownFileType = sourcecode.c.h; path = PopoverView_Configuration.h; sourceTree = "<group>"; };
		1EEAC8FE178F9E29000DD075 /* PopoverView.h */ = {isa = PBXFileReference; fileEncoding = 4; lastKnownFileType = sourcecode.c.h; path = PopoverView.h; sourceTree = "<group>"; };
		1EEAC8FF178F9E29000DD075 /* PopoverView.m */ = {isa = PBXFileReference; fileEncoding = 4; lastKnownFileType = sourcecode.c.objc; path = PopoverView.m; sourceTree = "<group>"; };
		1EEAC902178FA51B000DD075 /* PopoverItem.h */ = {isa = PBXFileReference; fileEncoding = 4; lastKnownFileType = sourcecode.c.h; path = PopoverItem.h; sourceTree = "<group>"; };
		1EEAC903178FA51B000DD075 /* PopoverItem.m */ = {isa = PBXFileReference; fileEncoding = 4; lastKnownFileType = sourcecode.c.objc; path = PopoverItem.m; sourceTree = "<group>"; };
		1EEAC905178FA526000DD075 /* PopoverItem.xib */ = {isa = PBXFileReference; fileEncoding = 4; lastKnownFileType = file.xib; path = PopoverItem.xib; sourceTree = "<group>"; };
/* End PBXFileReference section */

/* Begin PBXFrameworksBuildPhase section */
		1E2798631746B90F00DD4AAF /* Frameworks */ = {
			isa = PBXFrameworksBuildPhase;
			buildActionMask = 2147483647;
			files = (
				1E4661EF1880442600E73C0A /* CoreData.framework in Frameworks */,
				1EEAC8FC178F9B62000DD075 /* QuartzCore.framework in Frameworks */,
				1E27986A1746B90F00DD4AAF /* UIKit.framework in Frameworks */,
				1E27986C1746B90F00DD4AAF /* Foundation.framework in Frameworks */,
				1E27986E1746B90F00DD4AAF /* CoreGraphics.framework in Frameworks */,
			);
			runOnlyForDeploymentPostprocessing = 0;
		};
/* End PBXFrameworksBuildPhase section */

/* Begin PBXGroup section */
		1E07CBF21748F4A500C5F83A /* MainViewController */ = {
			isa = PBXGroup;
			children = (
				1E27988C1746BA3800DD4AAF /* MainViewController.h */,
				1E27988D1746BA3800DD4AAF /* MainViewController.m */,
				1E27988E1746BA3800DD4AAF /* MainViewController.xib */,
			);
			name = MainViewController;
			sourceTree = "<group>";
		};
		1E07CBF31748F4D300C5F83A /* ItemCell */ = {
			isa = PBXGroup;
			children = (
				1EDEEFBC1748694300A03BE2 /* ItemCell.h */,
				1EDEEFBD1748694300A03BE2 /* ItemCell.m */,
				1EDEEFBF1748699400A03BE2 /* ItemCell.xib */,
				1ECEE061179635A700647B7C /* ItemHeaderCell.h */,
				1ECEE062179635A700647B7C /* ItemHeaderCell.m */,
				1EDEF0121748795F00A03BE2 /* ItemHeaderCell.xib */,
			);
			name = ItemCell;
			sourceTree = "<group>";
		};
		1E07CBF41748F52600C5F83A /* ItemForm */ = {
			isa = PBXGroup;
			children = (
				1E6098261783C9AA00491251 /* ItemFormViewController.h */,
				1E6098271783C9AA00491251 /* ItemFormViewController.m */,
				1E6098281783C9AA00491251 /* ItemFormViewController.xib */,
				1E33C180178CE5A100F37B62 /* CategoryListCell.h */,
				1E33C181178CE5A100F37B62 /* CategoryListCell.m */,
				1E33C183178CE5B200F37B62 /* CategoryListCell.xib */,
			);
			name = ItemForm;
			sourceTree = "<group>";
		};
		1E0AE9B617CD928A0043170F /* SSCheckBoxView */ = {
			isa = PBXGroup;
			children = (
				1E0AE9B717CD928A0043170F /* Graphics */,
				1E0AE9CC17CD928A0043170F /* Helpers */,
				1E0AE9CF17CD928A0043170F /* SSCheckBoxView.h */,
				1E0AE9D017CD928A0043170F /* SSCheckBoxView.m */,
			);
			path = SSCheckBoxView;
			sourceTree = "<group>";
		};
		1E0AE9B717CD928A0043170F /* Graphics */ = {
			isa = PBXGroup;
			children = (
				1E0AE9B817CD928A0043170F /* cb_box_off.png */,
				1E0AE9B917CD928A0043170F /* cb_box_off@2x.png */,
				1E0AE9BA17CD928A0043170F /* cb_box_on.png */,
				1E0AE9BB17CD928A0043170F /* cb_box_on@2x.png */,
				1E0AE9BC17CD928A0043170F /* cb_dark_off.png */,
				1E0AE9BD17CD928A0043170F /* cb_dark_off@2x.png */,
				1E0AE9BE17CD928A0043170F /* cb_dark_on.png */,
				1E0AE9BF17CD928A0043170F /* cb_dark_on@2x.png */,
				1E0AE9C017CD928A0043170F /* cb_glossy_off.png */,
				1E0AE9C117CD928A0043170F /* cb_glossy_off@2x.png */,
				1E0AE9C217CD928A0043170F /* cb_glossy_on.png */,
				1E0AE9C317CD928A0043170F /* cb_glossy_on@2x.png */,
				1E0AE9C417CD928A0043170F /* cb_green_off.png */,
				1E0AE9C517CD928A0043170F /* cb_green_off@2x.png */,
				1E0AE9C617CD928A0043170F /* cb_green_on.png */,
				1E0AE9C717CD928A0043170F /* cb_green_on@2x.png */,
				1E0AE9C817CD928A0043170F /* cb_mono_off.png */,
				1E0AE9C917CD928A0043170F /* cb_mono_off@2x.png */,
				1E0AE9CA17CD928A0043170F /* cb_mono_on.png */,
				1E0AE9CB17CD928A0043170F /* cb_mono_on@2x.png */,
			);
			path = Graphics;
			sourceTree = "<group>";
		};
		1E0AE9CC17CD928A0043170F /* Helpers */ = {
			isa = PBXGroup;
			children = (
				1E0AE9CD17CD928A0043170F /* UIHelpers.h */,
				1E0AE9CE17CD928A0043170F /* UIHelpers.m */,
			);
			path = Helpers;
			sourceTree = "<group>";
		};
		1E27985D1746B90F00DD4AAF = {
			isa = PBXGroup;
			children = (
				1E4661F0188044D700E73C0A /* CoreData */,
				1EC80C871856AD6E00D46320 /* Views */,
				1E6098221783B72400491251 /* Controllers */,
				1EA686E017A6F2E5002D437C /* Utility */,
				1E33C179178CC8A300F37B62 /* Config */,
				1E27986F1746B90F00DD4AAF /* AppDelegate */,
				1EEAC8EE178F9111000DD075 /* ExternalClasses */,
				1E2798681746B90F00DD4AAF /* Frameworks */,
				1E2798911746C31700DD4AAF /* Images */,
			);
			sourceTree = "<group>";
		};
		1E2798671746B90F00DD4AAF /* Products */ = {
			isa = PBXGroup;
			children = (
				1E2798661746B90F00DD4AAF /* daily Expenses.app */,
			);
			name = Products;
			path = ..;
			sourceTree = "<group>";
		};
		1E2798681746B90F00DD4AAF /* Frameworks */ = {
			isa = PBXGroup;
			children = (
				1E4661EE1880442600E73C0A /* CoreData.framework */,
				1EEAC8FB178F9B62000DD075 /* QuartzCore.framework */,
				1E2798691746B90F00DD4AAF /* UIKit.framework */,
				1E27986B1746B90F00DD4AAF /* Foundation.framework */,
				1E27986D1746B90F00DD4AAF /* CoreGraphics.framework */,
			);
			name = Frameworks;
			sourceTree = "<group>";
		};
		1E27986F1746B90F00DD4AAF /* AppDelegate */ = {
			isa = PBXGroup;
			children = (
				1E2798671746B90F00DD4AAF /* Products */,
				1E2798781746B90F00DD4AAF /* AppDelegate.h */,
				1E2798791746B90F00DD4AAF /* AppDelegate.m */,
				1E2798701746B90F00DD4AAF /* Supporting Files */,
			);
			name = AppDelegate;
			path = "daily Expenses";
			sourceTree = "<group>";
		};
		1E2798701746B90F00DD4AAF /* Supporting Files */ = {
			isa = PBXGroup;
			children = (
				1E2798711746B90F00DD4AAF /* daily Expenses-Info.plist */,
				1E2798721746B90F00DD4AAF /* InfoPlist.strings */,
				1E2798751746B90F00DD4AAF /* main.m */,
				1E2798771746B90F00DD4AAF /* daily Expenses-Prefix.pch */,
				1E27987B1746B91000DD4AAF /* Default.png */,
				1E27987D1746B91000DD4AAF /* Default@2x.png */,
				1E27987F1746B91000DD4AAF /* Default-568h@2x.png */,
			);
			name = "Supporting Files";
			sourceTree = "<group>";
		};
		1E2798911746C31700DD4AAF /* Images */ = {
			isa = PBXGroup;
			children = (
				1E07CBEA1748F31100C5F83A /* dailyCellTopBar2.png */,
				1ECEE05D1796354200647B7C /* dailyCellTopBarLand.png */,
				1ECEE05E1796354200647B7C /* dailyCellTopBarLand@2x.png */,
				1E07CBEB1748F31100C5F83A /* dailyCellTopBar2@2x.png */,
				1E07CBEC1748F31100C5F83A /* bg1.png */,
				1E07CBED1748F31100C5F83A /* bg1@2x.png */,
				1EDEF0201748856E00A03BE2 /* dailyCellTopBar.png */,
				1EDEF0211748856E00A03BE2 /* dailyCellTopBar@2x.png */,
				1EDEF01C1748824400A03BE2 /* dailyCellBg.png */,
				1EDEF01D1748824400A03BE2 /* dailyCellBg@2x.png */,
				1EDEF01417487EE700A03BE2 /* blueTopBar.png */,
				1EDEF01517487EE700A03BE2 /* blueTopBar@2x.png */,
				1EDEEFD11748705300A03BE2 /* categories_icon */,
				1EDEEFC11748704A00A03BE2 /* dailyBar.png */,
				1EDEEFC21748704A00A03BE2 /* dailyBar@2x.png */,
				1EDEEFC31748704A00A03BE2 /* plus.png */,
				1EDEEFC41748704A00A03BE2 /* plus@2x.png */,
				1EDEEFC51748704A00A03BE2 /* plus2.png */,
				1EDEEFC61748704A00A03BE2 /* plus2@2x.png */,
				1EDEEFC71748704A00A03BE2 /* settings.png */,
				1EDEEFC81748704A00A03BE2 /* settings@2x.png */,
			);
			name = Images;
			path = images;
			sourceTree = "<group>";
		};
		1E33C179178CC8A300F37B62 /* Config */ = {
			isa = PBXGroup;
			children = (
				1E33C17A178CC8C300F37B62 /* defaultConfig.plist */,
				1E33C17C178CCC1000F37B62 /* Config.h */,
				1E33C17D178CCC1000F37B62 /* Config.m */,
			);
			name = Config;
			sourceTree = "<group>";
		};
		1E4661F0188044D700E73C0A /* CoreData */ = {
			isa = PBXGroup;
			children = (
				1E4661F1188044F700E73C0A /* CoreDataModel.xcdatamodeld */,
				1E4661F718806CB000E73C0A /* ItemModel.h */,
				1E4661F818806CB000E73C0A /* ItemModel.m */,
			);
			name = CoreData;
			sourceTree = "<group>";
		};
		1E6098221783B72400491251 /* Controllers */ = {
			isa = PBXGroup;
			children = (
				1E6098231783B74300491251 /* ItemManager.h */,
				1E6098241783B74300491251 /* ItemManager.m */,
				1E735BAF178BB9D300D2527C /* itemList.plist */,
				1E3BAB6117A85BD4001FF44F /* ItemFilter.h */,
				1E3BAB6217A85BD4001FF44F /* ItemFilter.m */,
			);
			name = Controllers;
			sourceTree = "<group>";
		};
		1EA2969C179F1DB300C646B0 /* MonthViewController */ = {
			isa = PBXGroup;
			children = (
				1E682F8217C3203100FBCCB2 /* MonthViewController.h */,
				1E682F8317C3203100FBCCB2 /* MonthViewController.m */,
				1E682F8517C3204200FBCCB2 /* MonthViewController.xib */,
			);
			name = MonthViewController;
			sourceTree = "<group>";
		};
		1EA686E017A6F2E5002D437C /* Utility */ = {
			isa = PBXGroup;
			children = (
				1EA686E117A6F30C002D437C /* Utility.h */,
				1EA686E217A6F30C002D437C /* Utility.m */,
			);
			name = Utility;
			sourceTree = "<group>";
		};
		1EC80C871856AD6E00D46320 /* Views */ = {
			isa = PBXGroup;
			children = (
				1EEAC901178FA4D6000DD075 /* PopoverItem */,
				1E07CBF41748F52600C5F83A /* ItemForm */,
				1E07CBF31748F4D300C5F83A /* ItemCell */,
				1EA2969C179F1DB300C646B0 /* MonthViewController */,
				1E07CBF21748F4A500C5F83A /* MainViewController */,
			);
			name = Views;
			sourceTree = "<group>";
		};
		1EDEEFD11748705300A03BE2 /* categories_icon */ = {
			isa = PBXGroup;
			children = (
				1EDEEFD21748705300A03BE2 /* icon_airplane.png */,
				1EDEEFD31748705300A03BE2 /* icon_airplane@2x.png */,
				1EDEEFD41748705300A03BE2 /* icon_book.png */,
				1EDEEFD51748705300A03BE2 /* icon_book@2x.png */,
				1EDEEFD61748705300A03BE2 /* icon_bus.png */,
				1EDEEFD71748705300A03BE2 /* icon_bus@2x.png */,
				1EDEEFD81748705300A03BE2 /* icon_cart.png */,
				1EDEEFD91748705300A03BE2 /* icon_cart@2x.png */,
				1EDEEFDA1748705300A03BE2 /* icon_cocktail.png */,
				1EDEEFDB1748705300A03BE2 /* icon_cocktail@2x.png */,
				1EDEEFDC1748705300A03BE2 /* icon_film.png */,
				1EDEEFDD1748705300A03BE2 /* icon_film@2x.png */,
				1EDEEFDE1748705300A03BE2 /* icon_gift.png */,
				1EDEEFDF1748705300A03BE2 /* icon_gift@2x.png */,
				1EDEEFE01748705300A03BE2 /* icon_house.png */,
				1EDEEFE11748705300A03BE2 /* icon_house@2x.png */,
				1EDEEFE21748705300A03BE2 /* icon_label.png */,
				1EDEEFE31748705300A03BE2 /* icon_label@2x.png */,
				1EDEEFE41748705300A03BE2 /* icon_medical.png */,
				1EDEEFE51748705300A03BE2 /* icon_medical@2x.png */,
				1EDEEFE61748705300A03BE2 /* icon_mobile.png */,
				1EDEEFE71748705400A03BE2 /* icon_mobile@2x.png */,
				1EDEEFE81748705400A03BE2 /* icon_pc.png */,
				1EDEEFE91748705400A03BE2 /* icon_pc@2x.png */,
				1EDEEFEA1748705400A03BE2 /* icon_personal.png */,
				1EDEEFEB1748705400A03BE2 /* icon_personal@2x.png */,
				1EDEEFEC1748705400A03BE2 /* icon_theater.png */,
				1EDEEFED1748705400A03BE2 /* icon_theater@2x.png */,
				1EDEEFEE1748705400A03BE2 /* icon_ticket.png */,
				1EDEEFEF1748705400A03BE2 /* icon_ticket@2x.png */,
				1EDEEFF01748705400A03BE2 /* icon_transfer.png */,
				1EDEEFF11748705400A03BE2 /* icon_transfer@2x.png */,
			);
			path = categories_icon;
			sourceTree = "<group>";
		};
		1EEAC8EE178F9111000DD075 /* ExternalClasses */ = {
			isa = PBXGroup;
			children = (
				1E0AE9B617CD928A0043170F /* SSCheckBoxView */,
				1EF71E3E1799A59600EDE66A /* PopoverView */,
				1EF71E3D1799A55F00EDE66A /* TPKeyboarAvoiding */,
			);
			name = ExternalClasses;
			sourceTree = "<group>";
		};
		1EEAC901178FA4D6000DD075 /* PopoverItem */ = {
			isa = PBXGroup;
			children = (
				1EEAC902178FA51B000DD075 /* PopoverItem.h */,
				1EEAC903178FA51B000DD075 /* PopoverItem.m */,
				1EEAC905178FA526000DD075 /* PopoverItem.xib */,
			);
			name = PopoverItem;
			sourceTree = "<group>";
		};
		1EF71E3D1799A55F00EDE66A /* TPKeyboarAvoiding */ = {
			isa = PBXGroup;
			children = (
				1E3816971795D10100D39CB9 /* TPKeyboardAvoidingScrollView.h */,
				1E3816981795D10100D39CB9 /* TPKeyboardAvoidingScrollView.m */,
				1E3816991795D10100D39CB9 /* TPKeyboardAvoidingTableView.h */,
				1E38169A1795D10100D39CB9 /* TPKeyboardAvoidingTableView.m */,
			);
			name = TPKeyboarAvoiding;
			sourceTree = "<group>";
		};
		1EF71E3E1799A59600EDE66A /* PopoverView */ = {
			isa = PBXGroup;
			children = (
				1EEAC8FD178F9E28000DD075 /* PopoverView_Configuration.h */,
				1EEAC8FE178F9E29000DD075 /* PopoverView.h */,
				1EEAC8FF178F9E29000DD075 /* PopoverView.m */,
			);
			name = PopoverView;
			sourceTree = "<group>";
		};
/* End PBXGroup section */

/* Begin PBXNativeTarget section */
		1E2798651746B90F00DD4AAF /* daily Expenses */ = {
			isa = PBXNativeTarget;
			buildConfigurationList = 1E2798891746B91000DD4AAF /* Build configuration list for PBXNativeTarget "daily Expenses" */;
			buildPhases = (
				1E2798621746B90F00DD4AAF /* Sources */,
				1E2798631746B90F00DD4AAF /* Frameworks */,
				1E2798641746B90F00DD4AAF /* Resources */,
			);
			buildRules = (
			);
			dependencies = (
			);
			name = "daily Expenses";
			productName = "daily Expenses";
			productReference = 1E2798661746B90F00DD4AAF /* daily Expenses.app */;
			productType = "com.apple.product-type.application";
		};
/* End PBXNativeTarget section */

/* Begin PBXProject section */
		1E27985E1746B90F00DD4AAF /* Project object */ = {
			isa = PBXProject;
			attributes = {
				LastUpgradeCheck = 0460;
				ORGANIZATIONNAME = "renan veloso silva";
			};
			buildConfigurationList = 1E2798611746B90F00DD4AAF /* Build configuration list for PBXProject "daily Expenses" */;
			compatibilityVersion = "Xcode 3.2";
			developmentRegion = English;
			hasScannedForEncodings = 0;
			knownRegions = (
				en,
			);
			mainGroup = 1E27985D1746B90F00DD4AAF;
			productRefGroup = 1E2798671746B90F00DD4AAF /* Products */;
			projectDirPath = "";
			projectRoot = "";
			targets = (
				1E2798651746B90F00DD4AAF /* daily Expenses */,
			);
		};
/* End PBXProject section */

/* Begin PBXResourcesBuildPhase section */
		1E2798641746B90F00DD4AAF /* Resources */ = {
			isa = PBXResourcesBuildPhase;
			buildActionMask = 2147483647;
			files = (
				1E2798741746B90F00DD4AAF /* InfoPlist.strings in Resources */,
				1E27987C1746B91000DD4AAF /* Default.png in Resources */,
				1E27987E1746B91000DD4AAF /* Default@2x.png in Resources */,
				1E2798801746B91000DD4AAF /* Default-568h@2x.png in Resources */,
				1E2798901746BA3800DD4AAF /* MainViewController.xib in Resources */,
				1EDEEFC01748699400A03BE2 /* ItemCell.xib in Resources */,
				1EDEEFC91748704A00A03BE2 /* dailyBar.png in Resources */,
				1EDEEFCA1748704A00A03BE2 /* dailyBar@2x.png in Resources */,
				1EDEEFCB1748704A00A03BE2 /* plus.png in Resources */,
				1EDEEFCC1748704A00A03BE2 /* plus@2x.png in Resources */,
				1EDEEFCD1748704A00A03BE2 /* plus2.png in Resources */,
				1EDEEFCE1748704A00A03BE2 /* plus2@2x.png in Resources */,
				1EDEEFCF1748704A00A03BE2 /* settings.png in Resources */,
				1EDEEFD01748704A00A03BE2 /* settings@2x.png in Resources */,
				1EDEEFF21748705400A03BE2 /* icon_airplane.png in Resources */,
				1EDEEFF31748705400A03BE2 /* icon_airplane@2x.png in Resources */,
				1EDEEFF41748705400A03BE2 /* icon_book.png in Resources */,
				1EDEEFF51748705400A03BE2 /* icon_book@2x.png in Resources */,
				1EDEEFF61748705400A03BE2 /* icon_bus.png in Resources */,
				1EDEEFF71748705400A03BE2 /* icon_bus@2x.png in Resources */,
				1EDEEFF81748705400A03BE2 /* icon_cart.png in Resources */,
				1EDEEFF91748705400A03BE2 /* icon_cart@2x.png in Resources */,
				1EDEEFFA1748705400A03BE2 /* icon_cocktail.png in Resources */,
				1EDEEFFB1748705400A03BE2 /* icon_cocktail@2x.png in Resources */,
				1EDEEFFC1748705400A03BE2 /* icon_film.png in Resources */,
				1EDEEFFD1748705400A03BE2 /* icon_film@2x.png in Resources */,
				1EDEEFFE1748705400A03BE2 /* icon_gift.png in Resources */,
				1EDEEFFF1748705400A03BE2 /* icon_gift@2x.png in Resources */,
				1EDEF0001748705400A03BE2 /* icon_house.png in Resources */,
				1EDEF0011748705400A03BE2 /* icon_house@2x.png in Resources */,
				1EDEF0021748705400A03BE2 /* icon_label.png in Resources */,
				1EDEF0031748705400A03BE2 /* icon_label@2x.png in Resources */,
				1EDEF0041748705400A03BE2 /* icon_medical.png in Resources */,
				1EDEF0051748705400A03BE2 /* icon_medical@2x.png in Resources */,
				1EDEF0061748705400A03BE2 /* icon_mobile.png in Resources */,
				1EDEF0071748705400A03BE2 /* icon_mobile@2x.png in Resources */,
				1EDEF0081748705400A03BE2 /* icon_pc.png in Resources */,
				1EDEF0091748705400A03BE2 /* icon_pc@2x.png in Resources */,
				1EDEF00A1748705400A03BE2 /* icon_personal.png in Resources */,
				1EDEF00B1748705400A03BE2 /* icon_personal@2x.png in Resources */,
				1EDEF00C1748705400A03BE2 /* icon_theater.png in Resources */,
				1EDEF00D1748705400A03BE2 /* icon_theater@2x.png in Resources */,
				1EDEF00E1748705400A03BE2 /* icon_ticket.png in Resources */,
				1EDEF00F1748705400A03BE2 /* icon_ticket@2x.png in Resources */,
				1EDEF0101748705400A03BE2 /* icon_transfer.png in Resources */,
				1EDEF0111748705400A03BE2 /* icon_transfer@2x.png in Resources */,
				1EDEF0131748795F00A03BE2 /* ItemHeaderCell.xib in Resources */,
				1EDEF01617487EE700A03BE2 /* blueTopBar.png in Resources */,
				1EDEF01717487EE700A03BE2 /* blueTopBar@2x.png in Resources */,
				1EDEF01E1748824400A03BE2 /* dailyCellBg.png in Resources */,
				1EDEF01F1748824400A03BE2 /* dailyCellBg@2x.png in Resources */,
				1EDEF0221748856E00A03BE2 /* dailyCellTopBar.png in Resources */,
				1EDEF0231748856E00A03BE2 /* dailyCellTopBar@2x.png in Resources */,
				1E07CBEE1748F31100C5F83A /* dailyCellTopBar2.png in Resources */,
				1E07CBEF1748F31100C5F83A /* dailyCellTopBar2@2x.png in Resources */,
				1E07CBF01748F31100C5F83A /* bg1.png in Resources */,
				1E07CBF11748F31100C5F83A /* bg1@2x.png in Resources */,
				1E60982A1783C9AA00491251 /* ItemFormViewController.xib in Resources */,
				1E735BB0178BB9D300D2527C /* itemList.plist in Resources */,
				1E33C17B178CC8C300F37B62 /* defaultConfig.plist in Resources */,
				1E33C184178CE5B200F37B62 /* CategoryListCell.xib in Resources */,
				1EEAC906178FA526000DD075 /* PopoverItem.xib in Resources */,
				1ECEE05F1796354200647B7C /* dailyCellTopBarLand.png in Resources */,
				1ECEE0601796354200647B7C /* dailyCellTopBarLand@2x.png in Resources */,
				1E682F8617C3204200FBCCB2 /* MonthViewController.xib in Resources */,
				1E0AE9D117CD928A0043170F /* cb_box_off.png in Resources */,
				1E0AE9D217CD928A0043170F /* cb_box_off@2x.png in Resources */,
				1E0AE9D317CD928A0043170F /* cb_box_on.png in Resources */,
				1E0AE9D417CD928A0043170F /* cb_box_on@2x.png in Resources */,
				1E0AE9D517CD928A0043170F /* cb_dark_off.png in Resources */,
				1E0AE9D617CD928A0043170F /* cb_dark_off@2x.png in Resources */,
				1E0AE9D717CD928A0043170F /* cb_dark_on.png in Resources */,
				1E0AE9D817CD928A0043170F /* cb_dark_on@2x.png in Resources */,
				1E0AE9D917CD928A0043170F /* cb_glossy_off.png in Resources */,
				1E0AE9DA17CD928A0043170F /* cb_glossy_off@2x.png in Resources */,
				1E0AE9DB17CD928A0043170F /* cb_glossy_on.png in Resources */,
				1E0AE9DC17CD928A0043170F /* cb_glossy_on@2x.png in Resources */,
				1E0AE9DD17CD928A0043170F /* cb_green_off.png in Resources */,
				1E0AE9DE17CD928A0043170F /* cb_green_off@2x.png in Resources */,
				1E0AE9DF17CD928A0043170F /* cb_green_on.png in Resources */,
				1E0AE9E017CD928A0043170F /* cb_green_on@2x.png in Resources */,
				1E0AE9E117CD928A0043170F /* cb_mono_off.png in Resources */,
				1E0AE9E217CD928A0043170F /* cb_mono_off@2x.png in Resources */,
				1E0AE9E317CD928A0043170F /* cb_mono_on.png in Resources */,
				1E0AE9E417CD928A0043170F /* cb_mono_on@2x.png in Resources */,
			);
			runOnlyForDeploymentPostprocessing = 0;
		};
/* End PBXResourcesBuildPhase section */

/* Begin PBXSourcesBuildPhase section */
		1E2798621746B90F00DD4AAF /* Sources */ = {
			isa = PBXSourcesBuildPhase;
			buildActionMask = 2147483647;
			files = (
				1E2798761746B90F00DD4AAF /* main.m in Sources */,
				1E27987A1746B90F00DD4AAF /* AppDelegate.m in Sources */,
				1E27988F1746BA3800DD4AAF /* MainViewController.m in Sources */,
				1EDEEFBE1748694300A03BE2 /* ItemCell.m in Sources */,
				1E6098251783B74300491251 /* ItemManager.m in Sources */,
				1E6098291783C9AA00491251 /* ItemFormViewController.m in Sources */,
				1E33C17E178CCC1000F37B62 /* Config.m in Sources */,
				1E33C182178CE5A100F37B62 /* CategoryListCell.m in Sources */,
				1EEAC900178F9E29000DD075 /* PopoverView.m in Sources */,
				1EEAC904178FA51B000DD075 /* PopoverItem.m in Sources */,
				1E38169B1795D10100D39CB9 /* TPKeyboardAvoidingScrollView.m in Sources */,
				1E38169C1795D10100D39CB9 /* TPKeyboardAvoidingTableView.m in Sources */,
				1ECEE063179635A700647B7C /* ItemHeaderCell.m in Sources */,
				1E4661F918806CB000E73C0A /* ItemModel.m in Sources */,
				1E4661F3188044F700E73C0A /* CoreDataModel.xcdatamodeld in Sources */,
				1EA686E317A6F30C002D437C /* Utility.m in Sources */,
				1E3BAB6317A85BD4001FF44F /* ItemFilter.m in Sources */,
				1E682F8417C3203100FBCCB2 /* MonthViewController.m in Sources */,
				1E0AE9E517CD928A0043170F /* UIHelpers.m in Sources */,
				1E0AE9E617CD928A0043170F /* SSCheckBoxView.m in Sources */,
			);
			runOnlyForDeploymentPostprocessing = 0;
		};
/* End PBXSourcesBuildPhase section */

/* Begin PBXVariantGroup section */
		1E2798721746B90F00DD4AAF /* InfoPlist.strings */ = {
			isa = PBXVariantGroup;
			children = (
				1E2798731746B90F00DD4AAF /* en */,
			);
			name = InfoPlist.strings;
			sourceTree = "<group>";
		};
/* End PBXVariantGroup section */

/* Begin XCBuildConfiguration section */
		1E2798871746B91000DD4AAF /* Debug */ = {
			isa = XCBuildConfiguration;
			buildSettings = {
				ALWAYS_SEARCH_USER_PATHS = NO;
				CLANG_CXX_LANGUAGE_STANDARD = "gnu++0x";
				CLANG_CXX_LIBRARY = "libc++";
				CLANG_ENABLE_OBJC_ARC = NO;
				CLANG_WARN_CONSTANT_CONVERSION = YES;
				CLANG_WARN_EMPTY_BODY = YES;
				CLANG_WARN_ENUM_CONVERSION = YES;
				CLANG_WARN_INT_CONVERSION = YES;
				CLANG_WARN__DUPLICATE_METHOD_MATCH = YES;
				CODE_SIGN_IDENTITY = "iPhone Developer: Rafael Steil (9SQJCZD6ZQ)";
				"CODE_SIGN_IDENTITY[sdk=iphoneos*]" = "iPhone Developer: Rafael Steil (9SQJCZD6ZQ)";
				COPY_PHASE_STRIP = NO;
				GCC_C_LANGUAGE_STANDARD = gnu99;
				GCC_DYNAMIC_NO_PIC = NO;
				GCC_OPTIMIZATION_LEVEL = 0;
				GCC_PREPROCESSOR_DEFINITIONS = (
					"DEBUG=1",
					"$(inherited)",
				);
				GCC_SYMBOLS_PRIVATE_EXTERN = NO;
				GCC_WARN_ABOUT_RETURN_TYPE = YES;
				GCC_WARN_UNINITIALIZED_AUTOS = NO;
				GCC_WARN_UNUSED_VARIABLE = YES;
				IPHONEOS_DEPLOYMENT_TARGET = 6.1;
				ONLY_ACTIVE_ARCH = YES;
				PROVISIONING_PROFILE = "7F3BB23E-D14D-45E8-A9A6-42818745BCBF";
				"PROVISIONING_PROFILE[sdk=iphoneos*]" = "7F3BB23E-D14D-45E8-A9A6-42818745BCBF";
				SDKROOT = iphoneos;
			};
			name = Debug;
		};
		1E2798881746B91000DD4AAF /* Release */ = {
			isa = XCBuildConfiguration;
			buildSettings = {
				ALWAYS_SEARCH_USER_PATHS = NO;
				CLANG_CXX_LANGUAGE_STANDARD = "gnu++0x";
				CLANG_CXX_LIBRARY = "libc++";
				CLANG_ENABLE_OBJC_ARC = NO;
				CLANG_WARN_CONSTANT_CONVERSION = YES;
				CLANG_WARN_EMPTY_BODY = YES;
				CLANG_WARN_ENUM_CONVERSION = YES;
				CLANG_WARN_INT_CONVERSION = YES;
				CLANG_WARN__DUPLICATE_METHOD_MATCH = YES;
				"CODE_SIGN_IDENTITY[sdk=iphoneos*]" = "iPhone Developer";
				COPY_PHASE_STRIP = YES;
				GCC_C_LANGUAGE_STANDARD = gnu99;
				GCC_WARN_ABOUT_RETURN_TYPE = YES;
				GCC_WARN_UNINITIALIZED_AUTOS = NO;
				GCC_WARN_UNUSED_VARIABLE = YES;
				IPHONEOS_DEPLOYMENT_TARGET = 6.1;
				OTHER_CFLAGS = "-DNS_BLOCK_ASSERTIONS=1";
				SDKROOT = iphoneos;
				VALIDATE_PRODUCT = YES;
			};
			name = Release;
		};
		1E27988A1746B91000DD4AAF /* Debug */ = {
			isa = XCBuildConfiguration;
			buildSettings = {
				GCC_PRECOMPILE_PREFIX_HEADER = YES;
				GCC_PREFIX_HEADER = "daily Expenses/daily Expenses-Prefix.pch";
				INFOPLIST_FILE = "daily Expenses/daily Expenses-Info.plist";
				IPHONEOS_DEPLOYMENT_TARGET = 5.0;
				PRODUCT_NAME = "$(TARGET_NAME)";
				WRAPPER_EXTENSION = app;
			};
			name = Debug;
		};
		1E27988B1746B91000DD4AAF /* Release */ = {
			isa = XCBuildConfiguration;
			buildSettings = {
				GCC_PRECOMPILE_PREFIX_HEADER = YES;
				GCC_PREFIX_HEADER = "daily Expenses/daily Expenses-Prefix.pch";
				INFOPLIST_FILE = "daily Expenses/daily Expenses-Info.plist";
				IPHONEOS_DEPLOYMENT_TARGET = 5.0;
				PRODUCT_NAME = "$(TARGET_NAME)";
				WRAPPER_EXTENSION = app;
			};
			name = Release;
		};
/* End XCBuildConfiguration section */

/* Begin XCConfigurationList section */
		1E2798611746B90F00DD4AAF /* Build configuration list for PBXProject "daily Expenses" */ = {
			isa = XCConfigurationList;
			buildConfigurations = (
				1E2798871746B91000DD4AAF /* Debug */,
				1E2798881746B91000DD4AAF /* Release */,
			);
			defaultConfigurationIsVisible = 0;
			defaultConfigurationName = Release;
		};
		1E2798891746B91000DD4AAF /* Build configuration list for PBXNativeTarget "daily Expenses" */ = {
			isa = XCConfigurationList;
			buildConfigurations = (
				1E27988A1746B91000DD4AAF /* Debug */,
				1E27988B1746B91000DD4AAF /* Release */,
			);
			defaultConfigurationIsVisible = 0;
			defaultConfigurationName = Release;
		};
/* End XCConfigurationList section */

/* Begin XCVersionGroup section */
		1E4661F1188044F700E73C0A /* CoreDataModel.xcdatamodeld */ = {
			isa = XCVersionGroup;
			children = (
				1E4661F2188044F700E73C0A /* CoreDataModel.xcdatamodel */,
			);
			currentVersion = 1E4661F2188044F700E73C0A /* CoreDataModel.xcdatamodel */;
			path = CoreDataModel.xcdatamodeld;
			sourceTree = "<group>";
			versionGroupType = wrapper.xcdatamodel;
		};
/* End XCVersionGroup section */
	};
	rootObject = 1E27985E1746B90F00DD4AAF /* Project object */;
}
